
Microsoft Visual Studio Solution File, Format Version 12.00
# Visual Studio 15
VisualStudioVersion = 15.0.27428.1
MinimumVisualStudioVersion = 10.0.40219.1
Project("{FAE04EC0-301F-11D3-BF4B-00C04F79EFBC}") = "RobotApplication.Entities", "RobotApplication.Entities\RobotApplication.Entities.csproj", "{21BC28A1-0DAB-4864-ADFA-7B4449CCCBDC}"
EndProject
Project("{FAE04EC0-301F-11D3-BF4B-00C04F79EFBC}") = "RobotApplication.BLL", "RobotApplication.BLL\RobotApplication.BLL.csproj", "{0494B221-648E-4268-923D-4A9BDCC5168E}"
EndProject
Project("{FAE04EC0-301F-11D3-BF4B-00C04F79EFBC}") = "RobotApplication.ConsoleUI", "RobotApplication.ConsoleUI\RobotApplication.ConsoleUI.csproj", "{5160FD61-0AAE-4A1F-BBC4-3D8A95C3C6DF}"
EndProject
Global
	GlobalSection(SolutionConfigurationPlatforms) = preSolution
		Debug|Any CPU = Debug|Any CPU
		Release|Any CPU = Release|Any CPU
	EndGlobalSection
	GlobalSection(ProjectConfigurationPlatforms) = postSolution
		{21BC28A1-0DAB-4864-ADFA-7B4449CCCBDC}.Debug|Any CPU.ActiveCfg = Debug|Any CPU
		{21BC28A1-0DAB-4864-ADFA-7B4449CCCBDC}.Debug|Any CPU.Build.0 = Debug|Any CPU
		{21BC28A1-0DAB-4864-ADFA-7B4449CCCBDC}.Release|Any CPU.ActiveCfg = Release|Any CPU
		{21BC28A1-0DAB-4864-ADFA-7B4449CCCBDC}.Release|Any CPU.Build.0 = Release|Any CPU
		{0494B221-648E-4268-923D-4A9BDCC5168E}.Debug|Any CPU.ActiveCfg = Debug|Any CPU
		{0494B221-648E-4268-923D-4A9BDCC5168E}.Debug|Any CPU.Build.0 = Debug|Any CPU
		{0494B221-648E-4268-923D-4A9BDCC5168E}.Release|Any CPU.ActiveCfg = Release|Any CPU
		{0494B221-648E-4268-923D-4A9BDCC5168E}.Release|Any CPU.Build.0 = Release|Any CPU
		{5160FD61-0AAE-4A1F-BBC4-3D8A95C3C6DF}.Debug|Any CPU.ActiveCfg = Debug|Any CPU
		{5160FD61-0AAE-4A1F-BBC4-3D8A95C3C6DF}.Debug|Any CPU.Build.0 = Debug|Any CPU
		{5160FD61-0AAE-4A1F-BBC4-3D8A95C3C6DF}.Release|Any CPU.ActiveCfg = Release|Any CPU
		{5160FD61-0AAE-4A1F-BBC4-3D8A95C3C6DF}.Release|Any CPU.Build.0 = Release|Any CPU
	EndGlobalSection
	GlobalSection(SolutionProperties) = preSolution
		HideSolutionNode = FALSE
	EndGlobalSection
	GlobalSection(ExtensibilityGlobals) = postSolution
		SolutionGuid = {929D1CB9-57E9-4A4F-AAEF-22D008101524}
	EndGlobalSection
EndGlobal
